
Microsoft Visual Studio Solution File, Format Version 11.00
# Visual Studio 2010
Project("{FAE04EC0-301F-11D3-BF4B-00C04F79EFBC}") = "SteamVR", "SteamVR.csproj", "{518cdc22-8eb6-230f-72cf-b39effb89508}"
EndProject
Project("{FAE04EC0-301F-11D3-BF4B-00C04F79EFBC}") = "Assembly-CSharp", "Assembly-CSharp.csproj", "{7ee1966e-475b-490f-3938-a2023ae0ef45}"
EndProject
Project("{FAE04EC0-301F-11D3-BF4B-00C04F79EFBC}") = "SteamVR_Actions", "SteamVR_Actions.csproj", "{4b22db9c-ad31-2a0b-87b9-4fca87ac6607}"
EndProject
Project("{FAE04EC0-301F-11D3-BF4B-00C04F79EFBC}") = "SteamVR_Editor", "SteamVR_Editor.csproj", "{be189361-32e8-5aef-7d36-c61c2948c429}"
EndProject
Project("{FAE04EC0-301F-11D3-BF4B-00C04F79EFBC}") = "SteamVR_Input_Editor", "SteamVR_Input_Editor.csproj", "{51f4ee8c-a219-dbd4-00d6-488e4ef219f4}"
EndProject
Project("{FAE04EC0-301F-11D3-BF4B-00C04F79EFBC}") = "SteamVR_Windows_EditorHelper", "SteamVR_Windows_EditorHelper.csproj", "{6c84bc7c-6f66-e845-9399-f1a34763cbc7}"
EndProject
Project("{FAE04EC0-301F-11D3-BF4B-00C04F79EFBC}") = "Assembly-CSharp-Editor", "Assembly-CSharp-Editor.csproj", "{3764ad89-d9c8-1f42-9367-c628c732fd70}"
EndProject
Global
	GlobalSection(SolutionConfigurationPlatforms) = preSolution
		Debug|Any CPU = Debug|Any CPU
		Release|Any CPU = Release|Any CPU
	EndGlobalSection
	GlobalSection(ProjectConfigurationPlatforms) = postSolution
		{518cdc22-8eb6-230f-72cf-b39effb89508}.Debug|Any CPU.ActiveCfg = Debug|Any CPU
		{518cdc22-8eb6-230f-72cf-b39effb89508}.Debug|Any CPU.Build.0 = Debug|Any CPU
		{518cdc22-8eb6-230f-72cf-b39effb89508}.Release|Any CPU.ActiveCfg = Release|Any CPU
		{518cdc22-8eb6-230f-72cf-b39effb89508}.Release|Any CPU.Build.0 = Release|Any CPU
		{7ee1966e-475b-490f-3938-a2023ae0ef45}.Debug|Any CPU.ActiveCfg = Debug|Any CPU
		{7ee1966e-475b-490f-3938-a2023ae0ef45}.Debug|Any CPU.Build.0 = Debug|Any CPU
		{7ee1966e-475b-490f-3938-a2023ae0ef45}.Release|Any CPU.ActiveCfg = Release|Any CPU
		{7ee1966e-475b-490f-3938-a2023ae0ef45}.Release|Any CPU.Build.0 = Release|Any CPU
		{4b22db9c-ad31-2a0b-87b9-4fca87ac6607}.Debug|Any CPU.ActiveCfg = Debug|Any CPU
		{4b22db9c-ad31-2a0b-87b9-4fca87ac6607}.Debug|Any CPU.Build.0 = Debug|Any CPU
		{4b22db9c-ad31-2a0b-87b9-4fca87ac6607}.Release|Any CPU.ActiveCfg = Release|Any CPU
		{4b22db9c-ad31-2a0b-87b9-4fca87ac6607}.Release|Any CPU.Build.0 = Release|Any CPU
		{be189361-32e8-5aef-7d36-c61c2948c429}.Debug|Any CPU.ActiveCfg = Debug|Any CPU
		{be189361-32e8-5aef-7d36-c61c2948c429}.Debug|Any CPU.Build.0 = Debug|Any CPU
		{be189361-32e8-5aef-7d36-c61c2948c429}.Release|Any CPU.ActiveCfg = Release|Any CPU
		{be189361-32e8-5aef-7d36-c61c2948c429}.Release|Any CPU.Build.0 = Release|Any CPU
		{51f4ee8c-a219-dbd4-00d6-488e4ef219f4}.Debug|Any CPU.ActiveCfg = Debug|Any CPU
		{51f4ee8c-a219-dbd4-00d6-488e4ef219f4}.Debug|Any CPU.Build.0 = Debug|Any CPU
		{51f4ee8c-a219-dbd4-00d6-488e4ef219f4}.Release|Any CPU.ActiveCfg = Release|Any CPU
		{51f4ee8c-a219-dbd4-00d6-488e4ef219f4}.Release|Any CPU.Build.0 = Release|Any CPU
		{6c84bc7c-6f66-e845-9399-f1a34763cbc7}.Debug|Any CPU.ActiveCfg = Debug|Any CPU
		{6c84bc7c-6f66-e845-9399-f1a34763cbc7}.Debug|Any CPU.Build.0 = Debug|Any CPU
		{6c84bc7c-6f66-e845-9399-f1a34763cbc7}.Release|Any CPU.ActiveCfg = Release|Any CPU
		{6c84bc7c-6f66-e845-9399-f1a34763cbc7}.Release|Any CPU.Build.0 = Release|Any CPU
		{3764ad89-d9c8-1f42-9367-c628c732fd70}.Debug|Any CPU.ActiveCfg = Debug|Any CPU
		{3764ad89-d9c8-1f42-9367-c628c732fd70}.Debug|Any CPU.Build.0 = Debug|Any CPU
		{3764ad89-d9c8-1f42-9367-c628c732fd70}.Release|Any CPU.ActiveCfg = Release|Any CPU
		{3764ad89-d9c8-1f42-9367-c628c732fd70}.Release|Any CPU.Build.0 = Release|Any CPU
	EndGlobalSection
	GlobalSection(SolutionProperties) = preSolution
		HideSolutionNode = FALSE
	EndGlobalSection
EndGlobal
